
Microsoft Visual Studio Solution File, Format Version 12.00
# Visual Studio Version 16
VisualStudioVersion = 16.0.28803.352
MinimumVisualStudioVersion = 10.0.40219.1
Project("{FAE04EC0-301F-11D3-BF4B-00C04F79EFBC}") = "MLtestapp", "MLtestapp\MLtestapp.csproj", "{EBC28F56-5F19-4816-8D22-CAA36D830126}"
EndProject
Global
	GlobalSection(SolutionConfigurationPlatforms) = preSolution
		Debug|Any CPU = Debug|Any CPU
		Release|Any CPU = Release|Any CPU
	EndGlobalSection
	GlobalSection(ProjectConfigurationPlatforms) = postSolution
		{EBC28F56-5F19-4816-8D22-CAA36D830126}.Debug|Any CPU.ActiveCfg = Debug|Any CPU
		{EBC28F56-5F19-4816-8D22-CAA36D830126}.Debug|Any CPU.Build.0 = Debug|Any CPU
		{EBC28F56-5F19-4816-8D22-CAA36D830126}.Release|Any CPU.ActiveCfg = Release|Any CPU
		{EBC28F56-5F19-4816-8D22-CAA36D830126}.Release|Any CPU.Build.0 = Release|Any CPU
	EndGlobalSection
	GlobalSection(SolutionProperties) = preSolution
		HideSolutionNode = FALSE
	EndGlobalSection
	GlobalSection(ExtensibilityGlobals) = postSolution
		SolutionGuid = {49B30B50-120C-4DEE-964F-770D51B2EAF2}
	EndGlobalSection
EndGlobal
